
Microsoft Visual Studio Solution File, Format Version 12.00
# Visual Studio Version 17
VisualStudioVersion = 17.11.35219.272
MinimumVisualStudioVersion = 10.0.40219.1
Project("{FAE04EC0-301F-11D3-BF4B-00C04F79EFBC}") = "prototype", "prototype\prototype.csproj", "{7CE8FE86-7F76-4508-BA22-8CF9C81362DC}"
EndProject
Global
	GlobalSection(SolutionConfigurationPlatforms) = preSolution
		Debug|Any CPU = Debug|Any CPU
		Release|Any CPU = Release|Any CPU
	EndGlobalSection
	GlobalSection(ProjectConfigurationPlatforms) = postSolution
		{7CE8FE86-7F76-4508-BA22-8CF9C81362DC}.Debug|Any CPU.ActiveCfg = Debug|Any CPU
		{7CE8FE86-7F76-4508-BA22-8CF9C81362DC}.Debug|Any CPU.Build.0 = Debug|Any CPU
		{7CE8FE86-7F76-4508-BA22-8CF9C81362DC}.Release|Any CPU.ActiveCfg = Release|Any CPU
		{7CE8FE86-7F76-4508-BA22-8CF9C81362DC}.Release|Any CPU.Build.0 = Release|Any CPU
	EndGlobalSection
	GlobalSection(SolutionProperties) = preSolution
		HideSolutionNode = FALSE
	EndGlobalSection
	GlobalSection(ExtensibilityGlobals) = postSolution
		SolutionGuid = {751B6CB0-FA11-4DBE-9330-E94B72FEE876}
	EndGlobalSection
EndGlobal
